
Microsoft Visual Studio Solution File, Format Version 12.00
# Visual Studio 15
VisualStudioVersion = 15.0.26124.0
MinimumVisualStudioVersion = 15.0.26124.0
Project("{2150E333-8FDC-42A3-9474-1A3956D46DE8}") = "src", "src", "{72905474-21D6-48B8-A3CE-A61627F7FF27}"
EndProject
Project("{2150E333-8FDC-42A3-9474-1A3956D46DE8}") = "tests", "tests", "{79C26740-1E07-11EB-A33F-7939ABE05176}"
EndProject
Project("{FAE04EC0-301F-11D3-BF4B-00C04F79EFBC}") = "Domain.UnitTests", "tests\Domain.UnitTests\Domain.UnitTests.csproj", "{3E8C7DAD-CCB7-4F61-AC13-267395866A5A}"
EndProject
Project("{FAE04EC0-301F-11D3-BF4B-00C04F79EFBC}") = "Domain", "src\Domain\Domain.csproj", "{73A586A7-49E9-43CB-977C-251F7D80EF90}"
EndProject
Project("{2150E333-8FDC-42A3-9474-1A3956D46DE8}") = "Solution Items", "Solution Items", "{9BE5A120-A000-48FA-B237-A35C7C20C214}"
	ProjectSection(SolutionItems) = preProject
		.editorconfig = .editorconfig
	EndProjectSection
EndProject
Project("{FAE04EC0-301F-11D3-BF4B-00C04F79EFBC}") = "Persistence", "src\Persistence\Persistence.csproj", "{8406BD86-4E47-40EA-9E8A-32D753F2A7D8}"
EndProject
Project("{FAE04EC0-301F-11D3-BF4B-00C04F79EFBC}") = "API", "src\API\API.csproj", "{D8184F9B-9BB9-460D-A512-53C80154D77F}"
EndProject
Project("{FAE04EC0-301F-11D3-BF4B-00C04F79EFBC}") = "Application", "src\Application\Application.csproj", "{303A9070-AF3A-4831-985F-9D49D47D5C7C}"
EndProject
Project("{FAE04EC0-301F-11D3-BF4B-00C04F79EFBC}") = "Application.IntegrationTests", "tests\Application.IntegrationTests\Application.IntegrationTests.csproj", "{C0FBA5FD-3ED1-4A99-A4D6-E50A54C53D28}"
EndProject
Project("{FAE04EC0-301F-11D3-BF4B-00C04F79EFBC}") = "Application.UnitTests", "tests\Application.UnitTests\Application.UnitTests.csproj", "{8505F8C0-DC10-4D1D-9C26-4A15874D20BD}"
EndProject
Global
	GlobalSection(SolutionConfigurationPlatforms) = preSolution
		Debug|Any CPU = Debug|Any CPU
		Debug|x64 = Debug|x64
		Debug|x86 = Debug|x86
		Release|Any CPU = Release|Any CPU
		Release|x64 = Release|x64
		Release|x86 = Release|x86
	EndGlobalSection
	GlobalSection(SolutionProperties) = preSolution
		HideSolutionNode = FALSE
	EndGlobalSection
	GlobalSection(ProjectConfigurationPlatforms) = postSolution
		{3E8C7DAD-CCB7-4F61-AC13-267395866A5A}.Debug|Any CPU.ActiveCfg = Debug|Any CPU
		{3E8C7DAD-CCB7-4F61-AC13-267395866A5A}.Debug|Any CPU.Build.0 = Debug|Any CPU
		{3E8C7DAD-CCB7-4F61-AC13-267395866A5A}.Debug|x64.ActiveCfg = Debug|Any CPU
		{3E8C7DAD-CCB7-4F61-AC13-267395866A5A}.Debug|x64.Build.0 = Debug|Any CPU
		{3E8C7DAD-CCB7-4F61-AC13-267395866A5A}.Debug|x86.ActiveCfg = Debug|Any CPU
		{3E8C7DAD-CCB7-4F61-AC13-267395866A5A}.Debug|x86.Build.0 = Debug|Any CPU
		{3E8C7DAD-CCB7-4F61-AC13-267395866A5A}.Release|Any CPU.ActiveCfg = Release|Any CPU
		{3E8C7DAD-CCB7-4F61-AC13-267395866A5A}.Release|Any CPU.Build.0 = Release|Any CPU
		{3E8C7DAD-CCB7-4F61-AC13-267395866A5A}.Release|x64.ActiveCfg = Release|Any CPU
		{3E8C7DAD-CCB7-4F61-AC13-267395866A5A}.Release|x64.Build.0 = Release|Any CPU
		{3E8C7DAD-CCB7-4F61-AC13-267395866A5A}.Release|x86.ActiveCfg = Release|Any CPU
		{3E8C7DAD-CCB7-4F61-AC13-267395866A5A}.Release|x86.Build.0 = Release|Any CPU
		{73A586A7-49E9-43CB-977C-251F7D80EF90}.Debug|Any CPU.ActiveCfg = Debug|Any CPU
		{73A586A7-49E9-43CB-977C-251F7D80EF90}.Debug|Any CPU.Build.0 = Debug|Any CPU
		{73A586A7-49E9-43CB-977C-251F7D80EF90}.Debug|x64.ActiveCfg = Debug|Any CPU
		{73A586A7-49E9-43CB-977C-251F7D80EF90}.Debug|x64.Build.0 = Debug|Any CPU
		{73A586A7-49E9-43CB-977C-251F7D80EF90}.Debug|x86.ActiveCfg = Debug|Any CPU
		{73A586A7-49E9-43CB-977C-251F7D80EF90}.Debug|x86.Build.0 = Debug|Any CPU
		{73A586A7-49E9-43CB-977C-251F7D80EF90}.Release|Any CPU.ActiveCfg = Release|Any CPU
		{73A586A7-49E9-43CB-977C-251F7D80EF90}.Release|Any CPU.Build.0 = Release|Any CPU
		{73A586A7-49E9-43CB-977C-251F7D80EF90}.Release|x64.ActiveCfg = Release|Any CPU
		{73A586A7-49E9-43CB-977C-251F7D80EF90}.Release|x64.Build.0 = Release|Any CPU
		{73A586A7-49E9-43CB-977C-251F7D80EF90}.Release|x86.ActiveCfg = Release|Any CPU
		{73A586A7-49E9-43CB-977C-251F7D80EF90}.Release|x86.Build.0 = Release|Any CPU
		{8406BD86-4E47-40EA-9E8A-32D753F2A7D8}.Debug|Any CPU.ActiveCfg = Debug|Any CPU
		{8406BD86-4E47-40EA-9E8A-32D753F2A7D8}.Debug|Any CPU.Build.0 = Debug|Any CPU
		{8406BD86-4E47-40EA-9E8A-32D753F2A7D8}.Debug|x64.ActiveCfg = Debug|Any CPU
		{8406BD86-4E47-40EA-9E8A-32D753F2A7D8}.Debug|x64.Build.0 = Debug|Any CPU
		{8406BD86-4E47-40EA-9E8A-32D753F2A7D8}.Debug|x86.ActiveCfg = Debug|Any CPU
		{8406BD86-4E47-40EA-9E8A-32D753F2A7D8}.Debug|x86.Build.0 = Debug|Any CPU
		{8406BD86-4E47-40EA-9E8A-32D753F2A7D8}.Release|Any CPU.ActiveCfg = Release|Any CPU
		{8406BD86-4E47-40EA-9E8A-32D753F2A7D8}.Release|Any CPU.Build.0 = Release|Any CPU
		{8406BD86-4E47-40EA-9E8A-32D753F2A7D8}.Release|x64.ActiveCfg = Release|Any CPU
		{8406BD86-4E47-40EA-9E8A-32D753F2A7D8}.Release|x64.Build.0 = Release|Any CPU
		{8406BD86-4E47-40EA-9E8A-32D753F2A7D8}.Release|x86.ActiveCfg = Release|Any CPU
		{8406BD86-4E47-40EA-9E8A-32D753F2A7D8}.Release|x86.Build.0 = Release|Any CPU
		{D8184F9B-9BB9-460D-A512-53C80154D77F}.Debug|Any CPU.ActiveCfg = Debug|Any CPU
		{D8184F9B-9BB9-460D-A512-53C80154D77F}.Debug|Any CPU.Build.0 = Debug|Any CPU
		{D8184F9B-9BB9-460D-A512-53C80154D77F}.Debug|x64.ActiveCfg = Debug|Any CPU
		{D8184F9B-9BB9-460D-A512-53C80154D77F}.Debug|x64.Build.0 = Debug|Any CPU
		{D8184F9B-9BB9-460D-A512-53C80154D77F}.Debug|x86.ActiveCfg = Debug|Any CPU
		{D8184F9B-9BB9-460D-A512-53C80154D77F}.Debug|x86.Build.0 = Debug|Any CPU
		{D8184F9B-9BB9-460D-A512-53C80154D77F}.Release|Any CPU.ActiveCfg = Release|Any CPU
		{D8184F9B-9BB9-460D-A512-53C80154D77F}.Release|Any CPU.Build.0 = Release|Any CPU
		{D8184F9B-9BB9-460D-A512-53C80154D77F}.Release|x64.ActiveCfg = Release|Any CPU
		{D8184F9B-9BB9-460D-A512-53C80154D77F}.Release|x64.Build.0 = Release|Any CPU
		{D8184F9B-9BB9-460D-A512-53C80154D77F}.Release|x86.ActiveCfg = Release|Any CPU
		{D8184F9B-9BB9-460D-A512-53C80154D77F}.Release|x86.Build.0 = Release|Any CPU
		{303A9070-AF3A-4831-985F-9D49D47D5C7C}.Debug|Any CPU.ActiveCfg = Debug|Any CPU
		{303A9070-AF3A-4831-985F-9D49D47D5C7C}.Debug|Any CPU.Build.0 = Debug|Any CPU
		{303A9070-AF3A-4831-985F-9D49D47D5C7C}.Debug|x64.ActiveCfg = Debug|Any CPU
		{303A9070-AF3A-4831-985F-9D49D47D5C7C}.Debug|x64.Build.0 = Debug|Any CPU
		{303A9070-AF3A-4831-985F-9D49D47D5C7C}.Debug|x86.ActiveCfg = Debug|Any CPU
		{303A9070-AF3A-4831-985F-9D49D47D5C7C}.Debug|x86.Build.0 = Debug|Any CPU
		{303A9070-AF3A-4831-985F-9D49D47D5C7C}.Release|Any CPU.ActiveCfg = Release|Any CPU
		{303A9070-AF3A-4831-985F-9D49D47D5C7C}.Release|Any CPU.Build.0 = Release|Any CPU
		{303A9070-AF3A-4831-985F-9D49D47D5C7C}.Release|x64.ActiveCfg = Release|Any CPU
		{303A9070-AF3A-4831-985F-9D49D47D5C7C}.Release|x64.Build.0 = Release|Any CPU
		{303A9070-AF3A-4831-985F-9D49D47D5C7C}.Release|x86.ActiveCfg = Release|Any CPU
		{303A9070-AF3A-4831-985F-9D49D47D5C7C}.Release|x86.Build.0 = Release|Any CPU
		{C0FBA5FD-3ED1-4A99-A4D6-E50A54C53D28}.Debug|Any CPU.ActiveCfg = Debug|Any CPU
		{C0FBA5FD-3ED1-4A99-A4D6-E50A54C53D28}.Debug|Any CPU.Build.0 = Debug|Any CPU
		{C0FBA5FD-3ED1-4A99-A4D6-E50A54C53D28}.Debug|x64.ActiveCfg = Debug|Any CPU
		{C0FBA5FD-3ED1-4A99-A4D6-E50A54C53D28}.Debug|x64.Build.0 = Debug|Any CPU
		{C0FBA5FD-3ED1-4A99-A4D6-E50A54C53D28}.Debug|x86.ActiveCfg = Debug|Any CPU
		{C0FBA5FD-3ED1-4A99-A4D6-E50A54C53D28}.Debug|x86.Build.0 = Debug|Any CPU
		{C0FBA5FD-3ED1-4A99-A4D6-E50A54C53D28}.Release|Any CPU.ActiveCfg = Release|Any CPU
		{C0FBA5FD-3ED1-4A99-A4D6-E50A54C53D28}.Release|Any CPU.Build.0 = Release|Any CPU
		{C0FBA5FD-3ED1-4A99-A4D6-E50A54C53D28}.Release|x64.ActiveCfg = Release|Any CPU
		{C0FBA5FD-3ED1-4A99-A4D6-E50A54C53D28}.Release|x64.Build.0 = Release|Any CPU
		{C0FBA5FD-3ED1-4A99-A4D6-E50A54C53D28}.Release|x86.ActiveCfg = Release|Any CPU
		{C0FBA5FD-3ED1-4A99-A4D6-E50A54C53D28}.Release|x86.Build.0 = Release|Any CPU
		{8505F8C0-DC10-4D1D-9C26-4A15874D20BD}.Debug|Any CPU.ActiveCfg = Debug|Any CPU
		{8505F8C0-DC10-4D1D-9C26-4A15874D20BD}.Debug|Any CPU.Build.0 = Debug|Any CPU
		{8505F8C0-DC10-4D1D-9C26-4A15874D20BD}.Debug|x64.ActiveCfg = Debug|Any CPU
		{8505F8C0-DC10-4D1D-9C26-4A15874D20BD}.Debug|x64.Build.0 = Debug|Any CPU
		{8505F8C0-DC10-4D1D-9C26-4A15874D20BD}.Debug|x86.ActiveCfg = Debug|Any CPU
		{8505F8C0-DC10-4D1D-9C26-4A15874D20BD}.Debug|x86.Build.0 = Debug|Any CPU
		{8505F8C0-DC10-4D1D-9C26-4A15874D20BD}.Release|Any CPU.ActiveCfg = Release|Any CPU
		{8505F8C0-DC10-4D1D-9C26-4A15874D20BD}.Release|Any CPU.Build.0 = Release|Any CPU
		{8505F8C0-DC10-4D1D-9C26-4A15874D20BD}.Release|x64.ActiveCfg = Release|Any CPU
		{8505F8C0-DC10-4D1D-9C26-4A15874D20BD}.Release|x64.Build.0 = Release|Any CPU
		{8505F8C0-DC10-4D1D-9C26-4A15874D20BD}.Release|x86.ActiveCfg = Release|Any CPU
		{8505F8C0-DC10-4D1D-9C26-4A15874D20BD}.Release|x86.Build.0 = Release|Any CPU
	EndGlobalSection
	GlobalSection(NestedProjects) = preSolution
		{3E8C7DAD-CCB7-4F61-AC13-267395866A5A} = {79C26740-1E07-11EB-A33F-7939ABE05176}
		{73A586A7-49E9-43CB-977C-251F7D80EF90} = {72905474-21D6-48B8-A3CE-A61627F7FF27}
		{8406BD86-4E47-40EA-9E8A-32D753F2A7D8} = {72905474-21D6-48B8-A3CE-A61627F7FF27}
		{D8184F9B-9BB9-460D-A512-53C80154D77F} = {72905474-21D6-48B8-A3CE-A61627F7FF27}
		{303A9070-AF3A-4831-985F-9D49D47D5C7C} = {72905474-21D6-48B8-A3CE-A61627F7FF27}
		{C0FBA5FD-3ED1-4A99-A4D6-E50A54C53D28} = {79C26740-1E07-11EB-A33F-7939ABE05176}
		{8505F8C0-DC10-4D1D-9C26-4A15874D20BD} = {79C26740-1E07-11EB-A33F-7939ABE05176}
	EndGlobalSection
EndGlobal
